
Microsoft Visual Studio Solution File, Format Version 12.00
# Visual Studio 15
VisualStudioVersion = 15.0.25920.0
MinimumVisualStudioVersion = 10.0.40219.1
Project("{2150E333-8FDC-42A3-9474-1A3956D46DE8}") = "src", "src", "{24D9E88D-2273-478F-9DFF-D1C9C689CC99}"
EndProject
Project("{2150E333-8FDC-42A3-9474-1A3956D46DE8}") = "Solution Items", "Solution Items", "{027D6552-13DF-4794-846A-E89FE78AAB76}"
	ProjectSection(SolutionItems) = preProject
		global.json = global.json
	EndProjectSection
EndProject
Project("{9A19103F-16F7-4668-BE54-9A1E7A4F7556}") = "Recipe.WebApp", "src\Recipe.WebApp\Recipe.WebApp.csproj", "{6AD0AFF5-3D2C-4A07-9E40-AC295489E0FF}"
EndProject
Project("{9A19103F-16F7-4668-BE54-9A1E7A4F7556}") = "Recipe.CommonObject", "src\Recipe.CommonObject\Recipe.CommonObject.csproj", "{D81886AE-7E3A-4014-A2B7-916988397B9A}"
EndProject
Project("{9A19103F-16F7-4668-BE54-9A1E7A4F7556}") = "Recipe.Server", "src\Recipe.Server\Recipe.Server.csproj", "{BBBC1CA0-A748-4038-8B1D-E5C284437A44}"
EndProject
Project("{9A19103F-16F7-4668-BE54-9A1E7A4F7556}") = "Recipe.Business", "src\Recipe.Business\Recipe.Business.csproj", "{980FA427-6A17-48F9-ADA0-C5C415CE8C40}"
EndProject
Project("{2150E333-8FDC-42A3-9474-1A3956D46DE8}") = "Tests", "Tests", "{190990D2-D496-4318-A62D-C3439DBA61A2}"
EndProject
Project("{9A19103F-16F7-4668-BE54-9A1E7A4F7556}") = "Recipe.Tests", "src\Recipe.Tests\Recipe.Tests.csproj", "{F922943D-3A5B-43D7-8CBB-3969B2DD83FC}"
EndProject
Global
	GlobalSection(SolutionConfigurationPlatforms) = preSolution
		Debug|Any CPU = Debug|Any CPU
		Debug|x64 = Debug|x64
		Debug|x86 = Debug|x86
		Release|Any CPU = Release|Any CPU
		Release|x64 = Release|x64
		Release|x86 = Release|x86
	EndGlobalSection
	GlobalSection(ProjectConfigurationPlatforms) = postSolution
		{6AD0AFF5-3D2C-4A07-9E40-AC295489E0FF}.Debug|Any CPU.ActiveCfg = Debug|Any CPU
		{6AD0AFF5-3D2C-4A07-9E40-AC295489E0FF}.Debug|Any CPU.Build.0 = Debug|Any CPU
		{6AD0AFF5-3D2C-4A07-9E40-AC295489E0FF}.Debug|x64.ActiveCfg = Debug|x64
		{6AD0AFF5-3D2C-4A07-9E40-AC295489E0FF}.Debug|x64.Build.0 = Debug|x64
		{6AD0AFF5-3D2C-4A07-9E40-AC295489E0FF}.Debug|x86.ActiveCfg = Debug|x86
		{6AD0AFF5-3D2C-4A07-9E40-AC295489E0FF}.Debug|x86.Build.0 = Debug|x86
		{6AD0AFF5-3D2C-4A07-9E40-AC295489E0FF}.Release|Any CPU.ActiveCfg = Debug|Any CPU
		{6AD0AFF5-3D2C-4A07-9E40-AC295489E0FF}.Release|Any CPU.Build.0 = Debug|Any CPU
		{6AD0AFF5-3D2C-4A07-9E40-AC295489E0FF}.Release|x64.ActiveCfg = Release|x64
		{6AD0AFF5-3D2C-4A07-9E40-AC295489E0FF}.Release|x64.Build.0 = Release|x64
		{6AD0AFF5-3D2C-4A07-9E40-AC295489E0FF}.Release|x86.ActiveCfg = Release|x86
		{6AD0AFF5-3D2C-4A07-9E40-AC295489E0FF}.Release|x86.Build.0 = Release|x86
		{D81886AE-7E3A-4014-A2B7-916988397B9A}.Debug|Any CPU.ActiveCfg = Debug|Any CPU
		{D81886AE-7E3A-4014-A2B7-916988397B9A}.Debug|Any CPU.Build.0 = Debug|Any CPU
		{D81886AE-7E3A-4014-A2B7-916988397B9A}.Debug|x64.ActiveCfg = Debug|x64
		{D81886AE-7E3A-4014-A2B7-916988397B9A}.Debug|x64.Build.0 = Debug|x64
		{D81886AE-7E3A-4014-A2B7-916988397B9A}.Debug|x86.ActiveCfg = Debug|x86
		{D81886AE-7E3A-4014-A2B7-916988397B9A}.Debug|x86.Build.0 = Debug|x86
		{D81886AE-7E3A-4014-A2B7-916988397B9A}.Release|Any CPU.ActiveCfg = Debug|Any CPU
		{D81886AE-7E3A-4014-A2B7-916988397B9A}.Release|Any CPU.Build.0 = Debug|Any CPU
		{D81886AE-7E3A-4014-A2B7-916988397B9A}.Release|x64.ActiveCfg = Release|x64
		{D81886AE-7E3A-4014-A2B7-916988397B9A}.Release|x64.Build.0 = Release|x64
		{D81886AE-7E3A-4014-A2B7-916988397B9A}.Release|x86.ActiveCfg = Release|x86
		{D81886AE-7E3A-4014-A2B7-916988397B9A}.Release|x86.Build.0 = Release|x86
		{BBBC1CA0-A748-4038-8B1D-E5C284437A44}.Debug|Any CPU.ActiveCfg = Debug|Any CPU
		{BBBC1CA0-A748-4038-8B1D-E5C284437A44}.Debug|Any CPU.Build.0 = Debug|Any CPU
		{BBBC1CA0-A748-4038-8B1D-E5C284437A44}.Debug|x64.ActiveCfg = Debug|x64
		{BBBC1CA0-A748-4038-8B1D-E5C284437A44}.Debug|x64.Build.0 = Debug|x64
		{BBBC1CA0-A748-4038-8B1D-E5C284437A44}.Debug|x86.ActiveCfg = Debug|x86
		{BBBC1CA0-A748-4038-8B1D-E5C284437A44}.Debug|x86.Build.0 = Debug|x86
		{BBBC1CA0-A748-4038-8B1D-E5C284437A44}.Release|Any CPU.ActiveCfg = Debug|Any CPU
		{BBBC1CA0-A748-4038-8B1D-E5C284437A44}.Release|Any CPU.Build.0 = Debug|Any CPU
		{BBBC1CA0-A748-4038-8B1D-E5C284437A44}.Release|x64.ActiveCfg = Release|x64
		{BBBC1CA0-A748-4038-8B1D-E5C284437A44}.Release|x64.Build.0 = Release|x64
		{BBBC1CA0-A748-4038-8B1D-E5C284437A44}.Release|x86.ActiveCfg = Release|x86
		{BBBC1CA0-A748-4038-8B1D-E5C284437A44}.Release|x86.Build.0 = Release|x86
		{980FA427-6A17-48F9-ADA0-C5C415CE8C40}.Debug|Any CPU.ActiveCfg = Debug|Any CPU
		{980FA427-6A17-48F9-ADA0-C5C415CE8C40}.Debug|Any CPU.Build.0 = Debug|Any CPU
		{980FA427-6A17-48F9-ADA0-C5C415CE8C40}.Debug|x64.ActiveCfg = Debug|x64
		{980FA427-6A17-48F9-ADA0-C5C415CE8C40}.Debug|x64.Build.0 = Debug|x64
		{980FA427-6A17-48F9-ADA0-C5C415CE8C40}.Debug|x86.ActiveCfg = Debug|x86
		{980FA427-6A17-48F9-ADA0-C5C415CE8C40}.Debug|x86.Build.0 = Debug|x86
		{980FA427-6A17-48F9-ADA0-C5C415CE8C40}.Release|Any CPU.ActiveCfg = Release|Any CPU
		{980FA427-6A17-48F9-ADA0-C5C415CE8C40}.Release|Any CPU.Build.0 = Release|Any CPU
		{980FA427-6A17-48F9-ADA0-C5C415CE8C40}.Release|x64.ActiveCfg = Release|x64
		{980FA427-6A17-48F9-ADA0-C5C415CE8C40}.Release|x64.Build.0 = Release|x64
		{980FA427-6A17-48F9-ADA0-C5C415CE8C40}.Release|x86.ActiveCfg = Release|x86
		{980FA427-6A17-48F9-ADA0-C5C415CE8C40}.Release|x86.Build.0 = Release|x86
		{F922943D-3A5B-43D7-8CBB-3969B2DD83FC}.Debug|Any CPU.ActiveCfg = Debug|Any CPU
		{F922943D-3A5B-43D7-8CBB-3969B2DD83FC}.Debug|Any CPU.Build.0 = Debug|Any CPU
		{F922943D-3A5B-43D7-8CBB-3969B2DD83FC}.Debug|x64.ActiveCfg = Debug|Any CPU
		{F922943D-3A5B-43D7-8CBB-3969B2DD83FC}.Debug|x64.Build.0 = Debug|Any CPU
		{F922943D-3A5B-43D7-8CBB-3969B2DD83FC}.Debug|x86.ActiveCfg = Debug|Any CPU
		{F922943D-3A5B-43D7-8CBB-3969B2DD83FC}.Debug|x86.Build.0 = Debug|Any CPU
		{F922943D-3A5B-43D7-8CBB-3969B2DD83FC}.Release|Any CPU.ActiveCfg = Release|Any CPU
		{F922943D-3A5B-43D7-8CBB-3969B2DD83FC}.Release|Any CPU.Build.0 = Release|Any CPU
		{F922943D-3A5B-43D7-8CBB-3969B2DD83FC}.Release|x64.ActiveCfg = Release|Any CPU
		{F922943D-3A5B-43D7-8CBB-3969B2DD83FC}.Release|x64.Build.0 = Release|Any CPU
		{F922943D-3A5B-43D7-8CBB-3969B2DD83FC}.Release|x86.ActiveCfg = Release|Any CPU
		{F922943D-3A5B-43D7-8CBB-3969B2DD83FC}.Release|x86.Build.0 = Release|Any CPU
	EndGlobalSection
	GlobalSection(SolutionProperties) = preSolution
		HideSolutionNode = FALSE
	EndGlobalSection
	GlobalSection(NestedProjects) = preSolution
		{6AD0AFF5-3D2C-4A07-9E40-AC295489E0FF} = {24D9E88D-2273-478F-9DFF-D1C9C689CC99}
		{D81886AE-7E3A-4014-A2B7-916988397B9A} = {24D9E88D-2273-478F-9DFF-D1C9C689CC99}
		{BBBC1CA0-A748-4038-8B1D-E5C284437A44} = {24D9E88D-2273-478F-9DFF-D1C9C689CC99}
		{980FA427-6A17-48F9-ADA0-C5C415CE8C40} = {24D9E88D-2273-478F-9DFF-D1C9C689CC99}
		{190990D2-D496-4318-A62D-C3439DBA61A2} = {24D9E88D-2273-478F-9DFF-D1C9C689CC99}
		{F922943D-3A5B-43D7-8CBB-3969B2DD83FC} = {190990D2-D496-4318-A62D-C3439DBA61A2}
	EndGlobalSection
EndGlobal
